
Microsoft Visual Studio Solution File, Format Version 12.00
# Visual Studio Version 17
VisualStudioVersion = 17.5.002.0
MinimumVisualStudioVersion = 10.0.40219.1
Project("{9A19103F-16F7-4668-BE54-9A1E7A4F7556}") = "fp", "fp.csproj", "{97B1832F-E121-4336-9759-1F9DE6B814FA}"
EndProject
Global
	GlobalSection(SolutionConfigurationPlatforms) = preSolution
		Debug|Any CPU = Debug|Any CPU
		Release|Any CPU = Release|Any CPU
	EndGlobalSection
	GlobalSection(ProjectConfigurationPlatforms) = postSolution
		{97B1832F-E121-4336-9759-1F9DE6B814FA}.Debug|Any CPU.ActiveCfg = Debug|Any CPU
		{97B1832F-E121-4336-9759-1F9DE6B814FA}.Debug|Any CPU.Build.0 = Debug|Any CPU
		{97B1832F-E121-4336-9759-1F9DE6B814FA}.Release|Any CPU.ActiveCfg = Release|Any CPU
		{97B1832F-E121-4336-9759-1F9DE6B814FA}.Release|Any CPU.Build.0 = Release|Any CPU
	EndGlobalSection
	GlobalSection(SolutionProperties) = preSolution
		HideSolutionNode = FALSE
	EndGlobalSection
	GlobalSection(ExtensibilityGlobals) = postSolution
		SolutionGuid = {C04D0246-9B93-4F99-B616-FE46D707366A}
	EndGlobalSection
EndGlobal
