
Microsoft Visual Studio Solution File, Format Version 12.00
# Visual Studio Version 17
VisualStudioVersion = 17.0.31903.59
MinimumVisualStudioVersion = 10.0.40219.1
Project("{FAE04EC0-301F-11D3-BF4B-00C04F79EFBC}") = "api", "api\api.csproj", "{EEE23B05-7859-461F-8613-2D5767777D64}"
EndProject
Project("{FAE04EC0-301F-11D3-BF4B-00C04F79EFBC}") = "domain", "domain\domain.csproj", "{4C4010B3-20E9-4DC4-A358-81664403F405}"
EndProject
Project("{FAE04EC0-301F-11D3-BF4B-00C04F79EFBC}") = "application", "application\application.csproj", "{F1B3F093-4462-47EC-BDA2-50BEBEC9FBE9}"
EndProject
Global
	GlobalSection(SolutionConfigurationPlatforms) = preSolution
		Debug|Any CPU = Debug|Any CPU
		Release|Any CPU = Release|Any CPU
	EndGlobalSection
	GlobalSection(SolutionProperties) = preSolution
		HideSolutionNode = FALSE
	EndGlobalSection
	GlobalSection(ProjectConfigurationPlatforms) = postSolution
		{EEE23B05-7859-461F-8613-2D5767777D64}.Debug|Any CPU.ActiveCfg = Debug|Any CPU
		{EEE23B05-7859-461F-8613-2D5767777D64}.Debug|Any CPU.Build.0 = Debug|Any CPU
		{EEE23B05-7859-461F-8613-2D5767777D64}.Release|Any CPU.ActiveCfg = Release|Any CPU
		{EEE23B05-7859-461F-8613-2D5767777D64}.Release|Any CPU.Build.0 = Release|Any CPU
		{4C4010B3-20E9-4DC4-A358-81664403F405}.Debug|Any CPU.ActiveCfg = Debug|Any CPU
		{4C4010B3-20E9-4DC4-A358-81664403F405}.Debug|Any CPU.Build.0 = Debug|Any CPU
		{4C4010B3-20E9-4DC4-A358-81664403F405}.Release|Any CPU.ActiveCfg = Release|Any CPU
		{4C4010B3-20E9-4DC4-A358-81664403F405}.Release|Any CPU.Build.0 = Release|Any CPU
		{F1B3F093-4462-47EC-BDA2-50BEBEC9FBE9}.Debug|Any CPU.ActiveCfg = Debug|Any CPU
		{F1B3F093-4462-47EC-BDA2-50BEBEC9FBE9}.Debug|Any CPU.Build.0 = Debug|Any CPU
		{F1B3F093-4462-47EC-BDA2-50BEBEC9FBE9}.Release|Any CPU.ActiveCfg = Release|Any CPU
		{F1B3F093-4462-47EC-BDA2-50BEBEC9FBE9}.Release|Any CPU.Build.0 = Release|Any CPU
	EndGlobalSection
EndGlobal
