
Microsoft Visual Studio Solution File, Format Version 12.00
# Visual Studio Version 17
VisualStudioVersion = 17.5.002.0
MinimumVisualStudioVersion = 10.0.40219.1
Project("{9A19103F-16F7-4668-BE54-9A1E7A4F7556}") = "interface_default_impl_abstract", "interface_default_impl_abstract.csproj", "{9AF89DFD-2A9B-4C2E-86C3-269A124E72A9}"
EndProject
Global
	GlobalSection(SolutionConfigurationPlatforms) = preSolution
		Debug|Any CPU = Debug|Any CPU
		Release|Any CPU = Release|Any CPU
	EndGlobalSection
	GlobalSection(ProjectConfigurationPlatforms) = postSolution
		{9AF89DFD-2A9B-4C2E-86C3-269A124E72A9}.Debug|Any CPU.ActiveCfg = Debug|Any CPU
		{9AF89DFD-2A9B-4C2E-86C3-269A124E72A9}.Debug|Any CPU.Build.0 = Debug|Any CPU
		{9AF89DFD-2A9B-4C2E-86C3-269A124E72A9}.Release|Any CPU.ActiveCfg = Release|Any CPU
		{9AF89DFD-2A9B-4C2E-86C3-269A124E72A9}.Release|Any CPU.Build.0 = Release|Any CPU
	EndGlobalSection
	GlobalSection(SolutionProperties) = preSolution
		HideSolutionNode = FALSE
	EndGlobalSection
	GlobalSection(ExtensibilityGlobals) = postSolution
		SolutionGuid = {33C46FF9-0F53-41DA-B251-999CAD8FD43C}
	EndGlobalSection
EndGlobal
