
Microsoft Visual Studio Solution File, Format Version 12.00
# Visual Studio Version 17
VisualStudioVersion = 17.5.002.0
MinimumVisualStudioVersion = 10.0.40219.1
Project("{9A19103F-16F7-4668-BE54-9A1E7A4F7556}") = "generics", "generics.csproj", "{29709C1E-8DBC-413F-9CA6-A0EDBB91AC96}"
EndProject
Global
	GlobalSection(SolutionConfigurationPlatforms) = preSolution
		Debug|Any CPU = Debug|Any CPU
		Release|Any CPU = Release|Any CPU
	EndGlobalSection
	GlobalSection(ProjectConfigurationPlatforms) = postSolution
		{29709C1E-8DBC-413F-9CA6-A0EDBB91AC96}.Debug|Any CPU.ActiveCfg = Debug|Any CPU
		{29709C1E-8DBC-413F-9CA6-A0EDBB91AC96}.Debug|Any CPU.Build.0 = Debug|Any CPU
		{29709C1E-8DBC-413F-9CA6-A0EDBB91AC96}.Release|Any CPU.ActiveCfg = Release|Any CPU
		{29709C1E-8DBC-413F-9CA6-A0EDBB91AC96}.Release|Any CPU.Build.0 = Release|Any CPU
	EndGlobalSection
	GlobalSection(SolutionProperties) = preSolution
		HideSolutionNode = FALSE
	EndGlobalSection
	GlobalSection(ExtensibilityGlobals) = postSolution
		SolutionGuid = {C20C85D1-9919-4745-A1D7-5BED4C94D553}
	EndGlobalSection
EndGlobal
